
Microsoft Visual Studio Solution File, Format Version 12.00
# Visual Studio Version 17
VisualStudioVersion = 17.5.33627.172
MinimumVisualStudioVersion = 10.0.40219.1
Project("{8BC9CEB8-8B4A-11D0-8D11-00A0C91BC942}") = "NukedMD", "NukedMD.vcxproj", "{B63EF899-5FCC-4E7A-B54D-5AD3D14410E8}"
EndProject
Global
	GlobalSection(SolutionConfigurationPlatforms) = preSolution
		Debug|x64 = Debug|x64
		Debug|x86 = Debug|x86
		Release|x64 = Release|x64
		Release|x86 = Release|x86
	EndGlobalSection
	GlobalSection(ProjectConfigurationPlatforms) = postSolution
		{B63EF899-5FCC-4E7A-B54D-5AD3D14410E8}.Debug|x64.ActiveCfg = Debug|x64
		{B63EF899-5FCC-4E7A-B54D-5AD3D14410E8}.Debug|x64.Build.0 = Debug|x64
		{B63EF899-5FCC-4E7A-B54D-5AD3D14410E8}.Debug|x86.ActiveCfg = Debug|Win32
		{B63EF899-5FCC-4E7A-B54D-5AD3D14410E8}.Debug|x86.Build.0 = Debug|Win32
		{B63EF899-5FCC-4E7A-B54D-5AD3D14410E8}.Release|x64.ActiveCfg = Release|x64
		{B63EF899-5FCC-4E7A-B54D-5AD3D14410E8}.Release|x64.Build.0 = Release|x64
		{B63EF899-5FCC-4E7A-B54D-5AD3D14410E8}.Release|x86.ActiveCfg = Release|Win32
		{B63EF899-5FCC-4E7A-B54D-5AD3D14410E8}.Release|x86.Build.0 = Release|Win32
	EndGlobalSection
	GlobalSection(SolutionProperties) = preSolution
		HideSolutionNode = FALSE
	EndGlobalSection
	GlobalSection(ExtensibilityGlobals) = postSolution
		SolutionGuid = {876167D9-F299-43EA-9FDF-D11CD65331F5}
	EndGlobalSection
EndGlobal
